
Microsoft Visual Studio Solution File, Format Version 12.00
# Visual Studio Version 17
VisualStudioVersion = 17.3.32929.385
MinimumVisualStudioVersion = 10.0.40219.1
Project("{9A19103F-16F7-4668-BE54-9A1E7A4F7556}") = "WebApplication2", "WebApplication2.csproj", "{77953AA3-B4F7-4A77-8730-8B59A904AA40}"
EndProject
Project("{2150E333-8FDC-42A3-9474-1A3956D46DE8}") = "Solution Items", "Solution Items", "{5A8E9596-0BA4-4B1C-88FD-2F25F8582DB9}"
	ProjectSection(SolutionItems) = preProject
		.editorconfig = .editorconfig
	EndProjectSection
EndProject
Global
	GlobalSection(SolutionConfigurationPlatforms) = preSolution
		Debug|Any CPU = Debug|Any CPU
		Release|Any CPU = Release|Any CPU
	EndGlobalSection
	GlobalSection(ProjectConfigurationPlatforms) = postSolution
		{77953AA3-B4F7-4A77-8730-8B59A904AA40}.Debug|Any CPU.ActiveCfg = Debug|Any CPU
		{77953AA3-B4F7-4A77-8730-8B59A904AA40}.Debug|Any CPU.Build.0 = Debug|Any CPU
		{77953AA3-B4F7-4A77-8730-8B59A904AA40}.Release|Any CPU.ActiveCfg = Release|Any CPU
		{77953AA3-B4F7-4A77-8730-8B59A904AA40}.Release|Any CPU.Build.0 = Release|Any CPU
	EndGlobalSection
	GlobalSection(SolutionProperties) = preSolution
		HideSolutionNode = FALSE
	EndGlobalSection
	GlobalSection(ExtensibilityGlobals) = postSolution
		SolutionGuid = {43C06158-8A56-4BC4-8483-941491F39A38}
	EndGlobalSection
EndGlobal
